// !$*UTF8*$!
{
	archiveVersion = 1;
	classes = {
	};
	objectVersion = 50;
	objects = {

/* Begin PBXBuildFile section */
		C53AE6462448AA0200A60C5A /* AppDelegate.swift in Sources */ = {isa = PBXBuildFile; fileRef = C53AE6452448AA0200A60C5A /* AppDelegate.swift */; };
		C53AE6482448AA0200A60C5A /* SceneDelegate.swift in Sources */ = {isa = PBXBuildFile; fileRef = C53AE6472448AA0200A60C5A /* SceneDelegate.swift */; };
		C53AE64A2448AA0200A60C5A /* ViewController.swift in Sources */ = {isa = PBXBuildFile; fileRef = C53AE6492448AA0200A60C5A /* ViewController.swift */; };
		C53AE64D2448AA0200A60C5A /* Main.storyboard in Resources */ = {isa = PBXBuildFile; fileRef = C53AE64B2448AA0200A60C5A /* Main.storyboard */; };
		C53AE6502448AA0200A60C5A /* RPSGame_P05.xcdatamodeld in Sources */ = {isa = PBXBuildFile; fileRef = C53AE64E2448AA0200A60C5A /* RPSGame_P05.xcdatamodeld */; };
		C53AE6522448AA0300A60C5A /* Assets.xcassets in Resources */ = {isa = PBXBuildFile; fileRef = C53AE6512448AA0300A60C5A /* Assets.xcassets */; };
		C53AE6552448AA0300A60C5A /* LaunchScreen.storyboard in Resources */ = {isa = PBXBuildFile; fileRef = C53AE6532448AA0300A60C5A /* LaunchScreen.storyboard */; };
/* End PBXBuildFile section */

/* Begin PBXFileReference section */
		C53AE6422448AA0200A60C5A /* RPSGame_P05.app */ = {isa = PBXFileReference; explicitFileType = wrapper.application; includeInIndex = 0; path = RPSGame_P05.app; sourceTree = BUILT_PRODUCTS_DIR; };
		C53AE6452448AA0200A60C5A /* AppDelegate.swift */ = {isa = PBXFileReference; lastKnownFileType = sourcecode.swift; path = AppDelegate.swift; sourceTree = "<group>"; };
		C53AE6472448AA0200A60C5A /* SceneDelegate.swift */ = {isa = PBXFileReference; lastKnownFileType = sourcecode.swift; path = SceneDelegate.swift; sourceTree = "<group>"; };
		C53AE6492448AA0200A60C5A /* ViewController.swift */ = {isa = PBXFileReference; lastKnownFileType = sourcecode.swift; path = ViewController.swift; sourceTree = "<group>"; };
		C53AE64C2448AA0200A60C5A /* Base */ = {isa = PBXFileReference; lastKnownFileType = file.storyboard; name = Base; path = Base.lproj/Main.storyboard; sourceTree = "<group>"; };
		C53AE64F2448AA0200A60C5A /* RPSGame_P05.xcdatamodel */ = {isa = PBXFileReference; lastKnownFileType = wrapper.xcdatamodel; path = RPSGame_P05.xcdatamodel; sourceTree = "<group>"; };
		C53AE6512448AA0300A60C5A /* Assets.xcassets */ = {isa = PBXFileReference; lastKnownFileType = folder.assetcatalog; path = Assets.xcassets; sourceTree = "<group>"; };
		C53AE6542448AA0300A60C5A /* Base */ = {isa = PBXFileReference; lastKnownFileType = file.storyboard; name = Base; path = Base.lproj/LaunchScreen.storyboard; sourceTree = "<group>"; };
		C53AE6562448AA0300A60C5A /* Info.plist */ = {isa = PBXFileReference; lastKnownFileType = text.plist.xml; path = Info.plist; sourceTree = "<group>"; };
/* End PBXFileReference section */

/* Begin PBXFrameworksBuildPhase section */
		C53AE63F2448AA0200A60C5A /* Frameworks */ = {
			isa = PBXFrameworksBuildPhase;
			buildActionMask = 2147483647;
			files = (
			);
			runOnlyForDeploymentPostprocessing = 0;
		};
/* End PBXFrameworksBuildPhase section */

/* Begin PBXGroup section */
		C53AE6392448AA0200A60C5A = {
			isa = PBXGroup;
			children = (
				C53AE6442448AA0200A60C5A /* RPSGame_P05 */,
				C53AE6432448AA0200A60C5A /* Products */,
			);
			sourceTree = "<group>";
		};
		C53AE6432448AA0200A60C5A /* Products */ = {
			isa = PBXGroup;
			children = (
				C53AE6422448AA0200A60C5A /* RPSGame_P05.app */,
			);
			name = Products;
			sourceTree = "<group>";
		};
		C53AE6442448AA0200A60C5A /* RPSGame_P05 */ = {
			isa = PBXGroup;
			children = (
				C53AE6452448AA0200A60C5A /* AppDelegate.swift */,
				C53AE6472448AA0200A60C5A /* SceneDelegate.swift */,
				C53AE6492448AA0200A60C5A /* ViewController.swift */,
				C53AE64B2448AA0200A60C5A /* Main.storyboard */,
				C53AE6512448AA0300A60C5A /* Assets.xcassets */,
				C53AE6532448AA0300A60C5A /* LaunchScreen.storyboard */,
				C53AE6562448AA0300A60C5A /* Info.plist */,
				C53AE64E2448AA0200A60C5A /* RPSGame_P05.xcdatamodeld */,
			);
			path = RPSGame_P05;
			sourceTree = "<group>";
		};
/* End PBXGroup section */

/* Begin PBXNativeTarget section */
		C53AE6412448AA0200A60C5A /* RPSGame_P05 */ = {
			isa = PBXNativeTarget;
			buildConfigurationList = C53AE6592448AA0300A60C5A /* Build configuration list for PBXNativeTarget "RPSGame_P05" */;
			buildPhases = (
				C53AE63E2448AA0200A60C5A /* Sources */,
				C53AE63F2448AA0200A60C5A /* Frameworks */,
				C53AE6402448AA0200A60C5A /* Resources */,
			);
			buildRules = (
			);
			dependencies = (
			);
			name = RPSGame_P05;
			productName = RPSGame_P05;
			productReference = C53AE6422448AA0200A60C5A /* RPSGame_P05.app */;
			productType = "com.apple.product-type.application";
		};
/* End PBXNativeTarget section */

/* Begin PBXProject section */
		C53AE63A2448AA0200A60C5A /* Project object */ = {
			isa = PBXProject;
			attributes = {
				LastSwiftUpdateCheck = 1130;
				LastUpgradeCheck = 1130;
				ORGANIZATIONNAME = EDDIEWARE;
				TargetAttributes = {
					C53AE6412448AA0200A60C5A = {
						CreatedOnToolsVersion = 11.3.1;
					};
				};
			};
			buildConfigurationList = C53AE63D2448AA0200A60C5A /* Build configuration list for PBXProject "RPSGame_P05" */;
			compatibilityVersion = "Xcode 9.3";
			developmentRegion = en;
			hasScannedForEncodings = 0;
			knownRegions = (
				en,
				Base,
			);
			mainGroup = C53AE6392448AA0200A60C5A;
			productRefGroup = C53AE6432448AA0200A60C5A /* Products */;
			projectDirPath = "";
			projectRoot = "";
			targets = (
				C53AE6412448AA0200A60C5A /* RPSGame_P05 */,
			);
		};
/* End PBXProject section */

/* Begin PBXResourcesBuildPhase section */
		C53AE6402448AA0200A60C5A /* Resources */ = {
			isa = PBXResourcesBuildPhase;
			buildActionMask = 2147483647;
			files = (
				C53AE6552448AA0300A60C5A /* LaunchScreen.storyboard in Resources */,
				C53AE6522448AA0300A60C5A /* Assets.xcassets in Resources */,
				C53AE64D2448AA0200A60C5A /* Main.storyboard in Resources */,
			);
			runOnlyForDeploymentPostprocessing = 0;
		};
/* End PBXResourcesBuildPhase section */

/* Begin PBXSourcesBuildPhase section */
		C53AE63E2448AA0200A60C5A /* Sources */ = {
			isa = PBXSourcesBuildPhase;
			buildActionMask = 2147483647;
			files = (
				C53AE64A2448AA0200A60C5A /* ViewController.swift in Sources */,
				C53AE6462448AA0200A60C5A /* AppDelegate.swift in Sources */,
				C53AE6482448AA0200A60C5A /* SceneDelegate.swift in Sources */,
				C53AE6502448AA0200A60C5A /* RPSGame_P05.xcdatamodeld in Sources */,
			);
			runOnlyForDeploymentPostprocessing = 0;
		};
/* End PBXSourcesBuildPhase section */

/* Begin PBXVariantGroup section */
		C53AE64B2448AA0200A60C5A /* Main.storyboard */ = {
			isa = PBXVariantGroup;
			children = (
				C53AE64C2448AA0200A60C5A /* Base */,
			);
			name = Main.storyboard;
			sourceTree = "<group>";
		};
		C53AE6532448AA0300A60C5A /* LaunchScreen.storyboard */ = {
			isa = PBXVariantGroup;
			children = (
				C53AE6542448AA0300A60C5A /* Base */,
			);
			name = LaunchScreen.storyboard;
			sourceTree = "<group>";
		};
/* End PBXVariantGroup section */

/* Begin XCBuildConfiguration section */
		C53AE6572448AA0300A60C5A /* Debug */ = {
			isa = XCBuildConfiguration;
			buildSettings = {
				ALWAYS_SEARCH_USER_PATHS = NO;
				CLANG_ANALYZER_NONNULL = YES;
				CLANG_ANALYZER_NUMBER_OBJECT_CONVERSION = YES_AGGRESSIVE;
				CLANG_CXX_LANGUAGE_STANDARD = "gnu++14";
				CLANG_CXX_LIBRARY = "libc++";
				CLANG_ENABLE_MODULES = YES;
				CLANG_ENABLE_OBJC_ARC = YES;
				CLANG_ENABLE_OBJC_WEAK = YES;
				CLANG_WARN_BLOCK_CAPTURE_AUTORELEASING = YES;
				CLANG_WARN_BOOL_CONVERSION = YES;
				CLANG_WARN_COMMA = YES;
				CLANG_WARN_CONSTANT_CONVERSION = YES;
				CLANG_WARN_DEPRECATED_OBJC_IMPLEMENTATIONS = YES;
				CLANG_WARN_DIRECT_OBJC_ISA_USAGE = YES_ERROR;
				CLANG_WARN_DOCUMENTATION_COMMENTS = YES;
				CLANG_WARN_EMPTY_BODY = YES;
				CLANG_WARN_ENUM_CONVERSION = YES;
				CLANG_WARN_INFINITE_RECURSION = YES;
				CLANG_WARN_INT_CONVERSION = YES;
				CLANG_WARN_NON_LITERAL_NULL_CONVERSION = YES;
				CLANG_WARN_OBJC_IMPLICIT_RETAIN_SELF = YES;
				CLANG_WARN_OBJC_LITERAL_CONVERSION = YES;
				CLANG_WARN_OBJC_ROOT_CLASS = YES_ERROR;
				CLANG_WARN_RANGE_LOOP_ANALYSIS = YES;
				CLANG_WARN_STRICT_PROTOTYPES = YES;
				CLANG_WARN_SUSPICIOUS_MOVE = YES;
				CLANG_WARN_UNGUARDED_AVAILABILITY = YES_AGGRESSIVE;
				CLANG_WARN_UNREACHABLE_CODE = YES;
				CLANG_WARN__DUPLICATE_METHOD_MATCH = YES;
				COPY_PHASE_STRIP = NO;
				DEBUG_INFORMATION_FORMAT = dwarf;
				ENABLE_STRICT_OBJC_MSGSEND = YES;
				ENABLE_TESTABILITY = YES;
				GCC_C_LANGUAGE_STANDARD = gnu11;
				GCC_DYNAMIC_NO_PIC = NO;
				GCC_NO_COMMON_BLOCKS = YES;
				GCC_OPTIMIZATION_LEVEL = 0;
				GCC_PREPROCESSOR_DEFINITIONS = (
					"DEBUG=1",
					"$(inherited)",
				);
				GCC_WARN_64_TO_32_BIT_CONVERSION = YES;
				GCC_WARN_ABOUT_RETURN_TYPE = YES_ERROR;
				GCC_WARN_UNDECLARED_SELECTOR = YES;
				GCC_WARN_UNINITIALIZED_AUTOS = YES_AGGRESSIVE;
				GCC_WARN_UNUSED_FUNCTION = YES;
				GCC_WARN_UNUSED_VARIABLE = YES;
				IPHONEOS_DEPLOYMENT_TARGET = 13.2;
				MTL_ENABLE_DEBUG_INFO = INCLUDE_SOURCE;
				MTL_FAST_MATH = YES;
				ONLY_ACTIVE_ARCH = YES;
				SDKROOT = iphoneos;
				SWIFT_ACTIVE_COMPILATION_CONDITIONS = DEBUG;
				SWIFT_OPTIMIZATION_LEVEL = "-Onone";
			};
			name = Debug;
		};
		C53AE6582448AA0300A60C5A /* Release */ = {
			isa = XCBuildConfiguration;
			buildSettings = {
				ALWAYS_SEARCH_USER_PATHS = NO;
				CLANG_ANALYZER_NONNULL = YES;
				CLANG_ANALYZER_NUMBER_OBJECT_CONVERSION = YES_AGGRESSIVE;
				CLANG_CXX_LANGUAGE_STANDARD = "gnu++14";
				CLANG_CXX_LIBRARY = "libc++";
				CLANG_ENABLE_MODULES = YES;
				CLANG_ENABLE_OBJC_ARC = YES;
				CLANG_ENABLE_OBJC_WEAK = YES;
				CLANG_WARN_BLOCK_CAPTURE_AUTORELEASING = YES;
				CLANG_WARN_BOOL_CONVERSION = YES;
				CLANG_WARN_COMMA = YES;
				CLANG_WARN_CONSTANT_CONVERSION = YES;
				CLANG_WARN_DEPRECATED_OBJC_IMPLEMENTATIONS = YES;
				CLANG_WARN_DIRECT_OBJC_ISA_USAGE = YES_ERROR;
				CLANG_WARN_DOCUMENTATION_COMMENTS = YES;
				CLANG_WARN_EMPTY_BODY = YES;
				CLANG_WARN_ENUM_CONVERSION = YES;
				CLANG_WARN_INFINITE_RECURSION = YES;
				CLANG_WARN_INT_CONVERSION = YES;
				CLANG_WARN_NON_LITERAL_NULL_CONVERSION = YES;
				CLANG_WARN_OBJC_IMPLICIT_RETAIN_SELF = YES;
				CLANG_WARN_OBJC_LITERAL_CONVERSION = YES;
				CLANG_WARN_OBJC_ROOT_CLASS = YES_ERROR;
				CLANG_WARN_RANGE_LOOP_ANALYSIS = YES;
				CLANG_WARN_STRICT_PROTOTYPES = YES;
				CLANG_WARN_SUSPICIOUS_MOVE = YES;
				CLANG_WARN_UNGUARDED_AVAILABILITY = YES_AGGRESSIVE;
				CLANG_WARN_UNREACHABLE_CODE = YES;
				CLANG_WARN__DUPLICATE_METHOD_MATCH = YES;
				COPY_PHASE_STRIP = NO;
				DEBUG_INFORMATION_FORMAT = "dwarf-with-dsym";
				ENABLE_NS_ASSERTIONS = NO;
				ENABLE_STRICT_OBJC_MSGSEND = YES;
				GCC_C_LANGUAGE_STANDARD = gnu11;
				GCC_NO_COMMON_BLOCKS = YES;
				GCC_WARN_64_TO_32_BIT_CONVERSION = YES;
				GCC_WARN_ABOUT_RETURN_TYPE = YES_ERROR;
				GCC_WARN_UNDECLARED_SELECTOR = YES;
				GCC_WARN_UNINITIALIZED_AUTOS = YES_AGGRESSIVE;
				GCC_WARN_UNUSED_FUNCTION = YES;
				GCC_WARN_UNUSED_VARIABLE = YES;
				IPHONEOS_DEPLOYMENT_TARGET = 13.2;
				MTL_ENABLE_DEBUG_INFO = NO;
				MTL_FAST_MATH = YES;
				SDKROOT = iphoneos;
				SWIFT_COMPILATION_MODE = wholemodule;
				SWIFT_OPTIMIZATION_LEVEL = "-O";
				VALIDATE_PRODUCT = YES;
			};
			name = Release;
		};
		C53AE65A2448AA0300A60C5A /* Debug */ = {
			isa = XCBuildConfiguration;
			buildSettings = {
				ASSETCATALOG_COMPILER_APPICON_NAME = AppIcon;
				CODE_SIGN_STYLE = Automatic;
				INFOPLIST_FILE = RPSGame_P05/Info.plist;
				LD_RUNPATH_SEARCH_PATHS = (
					"$(inherited)",
					"@executable_path/Frameworks",
				);
				PRODUCT_BUNDLE_IDENTIFIER = "eddieware.RPSGame-P05";
				PRODUCT_NAME = "$(TARGET_NAME)";
				SWIFT_VERSION = 5.0;
				TARGETED_DEVICE_FAMILY = "1,2";
			};
			name = Debug;
		};
		C53AE65B2448AA0300A60C5A /* Release */ = {
			isa = XCBuildConfiguration;
			buildSettings = {
				ASSETCATALOG_COMPILER_APPICON_NAME = AppIcon;
				CODE_SIGN_STYLE = Automatic;
				INFOPLIST_FILE = RPSGame_P05/Info.plist;
				LD_RUNPATH_SEARCH_PATHS = (
					"$(inherited)",
					"@executable_path/Frameworks",
				);
				PRODUCT_BUNDLE_IDENTIFIER = "eddieware.RPSGame-P05";
				PRODUCT_NAME = "$(TARGET_NAME)";
				SWIFT_VERSION = 5.0;
				TARGETED_DEVICE_FAMILY = "1,2";
			};
			name = Release;
		};
/* End XCBuildConfiguration section */

/* Begin XCConfigurationList section */
		C53AE63D2448AA0200A60C5A /* Build configuration list for PBXProject "RPSGame_P05" */ = {
			isa = XCConfigurationList;
			buildConfigurations = (
				C53AE6572448AA0300A60C5A /* Debug */,
				C53AE6582448AA0300A60C5A /* Release */,
			);
			defaultConfigurationIsVisible = 0;
			defaultConfigurationName = Release;
		};
		C53AE6592448AA0300A60C5A /* Build configuration list for PBXNativeTarget "RPSGame_P05" */ = {
			isa = XCConfigurationList;
			buildConfigurations = (
				C53AE65A2448AA0300A60C5A /* Debug */,
				C53AE65B2448AA0300A60C5A /* Release */,
			);
			defaultConfigurationIsVisible = 0;
			defaultConfigurationName = Release;
		};
/* End XCConfigurationList section */

/* Begin XCVersionGroup section */
		C53AE64E2448AA0200A60C5A /* RPSGame_P05.xcdatamodeld */ = {
			isa = XCVersionGroup;
			children = (
				C53AE64F2448AA0200A60C5A /* RPSGame_P05.xcdatamodel */,
			);
			currentVersion = C53AE64F2448AA0200A60C5A /* RPSGame_P05.xcdatamodel */;
			path = RPSGame_P05.xcdatamodeld;
			sourceTree = "<group>";
			versionGroupType = wrapper.xcdatamodel;
		};
/* End XCVersionGroup section */
	};
	rootObject = C53AE63A2448AA0200A60C5A /* Project object */;
}
